// !$*UTF8*$!
{
	archiveVersion = 1;
	classes = {
	};
	objectVersion = 48;
	objects = {

/* Begin PBXBuildFile section */
		97D92167A4E376DEFF82C7F9 /* Pods_Prototype.framework in Frameworks */ = {isa = PBXBuildFile; fileRef = 1DEC230050438DA0F92F3CB6 /* Pods_Prototype.framework */; };
		A503F786211BDF9500F5FA18 /* GoogleService-Info.plist in Resources */ = {isa = PBXBuildFile; fileRef = A503F785211BDF9500F5FA18 /* GoogleService-Info.plist */; };
		A503F78A212DBFA600F5FA18 /* StartViewController.swift in Sources */ = {isa = PBXBuildFile; fileRef = A503F789212DBFA600F5FA18 /* StartViewController.swift */; };
		A503F78C212F00F100F5FA18 /* OtpViewController.swift in Sources */ = {isa = PBXBuildFile; fileRef = A503F78B212F00F100F5FA18 /* OtpViewController.swift */; };
		A5113D2720E31A9D008E804A /* CollectionViewCellUnitIndicator.swift in Sources */ = {isa = PBXBuildFile; fileRef = A5113D2620E31A9D008E804A /* CollectionViewCellUnitIndicator.swift */; };
		A5113D2920E31B2F008E804A /* AdditionViewController.swift in Sources */ = {isa = PBXBuildFile; fileRef = A5113D2820E31B2F008E804A /* AdditionViewController.swift */; };
		A5113D2B20E42149008E804A /* DesignableTextField.swift in Sources */ = {isa = PBXBuildFile; fileRef = A5113D2A20E42149008E804A /* DesignableTextField.swift */; };
		A5113D2D20E492B3008E804A /* SubtractionViewController.swift in Sources */ = {isa = PBXBuildFile; fileRef = A5113D2C20E492B3008E804A /* SubtractionViewController.swift */; };
		A51FFDF0211A401A0077AA43 /* LoginViewController.swift in Sources */ = {isa = PBXBuildFile; fileRef = A51FFDEF211A401A0077AA43 /* LoginViewController.swift */; };
		A55179052152CE78003292DA /* AddSubViewController.swift in Sources */ = {isa = PBXBuildFile; fileRef = A55179042152CE78003292DA /* AddSubViewController.swift */; };
		A55179072152D231003292DA /* ProgressViewController.swift in Sources */ = {isa = PBXBuildFile; fileRef = A55179062152D231003292DA /* ProgressViewController.swift */; };
		A55911532146EA9600C92A7B /* DifficultyLevelViewController.swift in Sources */ = {isa = PBXBuildFile; fileRef = A55911522146EA9600C92A7B /* DifficultyLevelViewController.swift */; };
		A56D6A6121534789002524E2 /* Utility.swift in Sources */ = {isa = PBXBuildFile; fileRef = A56D6A6021534789002524E2 /* Utility.swift */; };
		A579913920ACE76800B79DEE /* icons8-subtract-50.png in Resources */ = {isa = PBXBuildFile; fileRef = A579913720ACE76700B79DEE /* icons8-subtract-50.png */; };
		A579913A20ACE76800B79DEE /* icons8-plus-math-50.png in Resources */ = {isa = PBXBuildFile; fileRef = A579913820ACE76700B79DEE /* icons8-plus-math-50.png */; };
		A580B0E020CF6DE5002F9EEF /* ChooseToyViewController.swift in Sources */ = {isa = PBXBuildFile; fileRef = A580B0DF20CF6DE5002F9EEF /* ChooseToyViewController.swift */; };
		A580B0E220D0FB74002F9EEF /* CountingRewardViewController.swift in Sources */ = {isa = PBXBuildFile; fileRef = A580B0E120D0FB74002F9EEF /* CountingRewardViewController.swift */; };
		A580B0E520D0FD40002F9EEF /* DesignableView.swift in Sources */ = {isa = PBXBuildFile; fileRef = A580B0E420D0FD40002F9EEF /* DesignableView.swift */; };
		A580B0E720D10E4C002F9EEF /* DesignableButton.swift in Sources */ = {isa = PBXBuildFile; fileRef = A580B0E620D10E4C002F9EEF /* DesignableButton.swift */; };
		A580B0E920D20A76002F9EEF /* CountingTwoViewController.swift in Sources */ = {isa = PBXBuildFile; fileRef = A580B0E820D20A76002F9EEF /* CountingTwoViewController.swift */; };
		A580B0EB20D20FD5002F9EEF /* CollectionViewCellTwo.swift in Sources */ = {isa = PBXBuildFile; fileRef = A580B0EA20D20FD5002F9EEF /* CollectionViewCellTwo.swift */; };
		A58C173A20A35E0500977923 /* AppDelegate.swift in Sources */ = {isa = PBXBuildFile; fileRef = A58C173920A35E0500977923 /* AppDelegate.swift */; };
		A58C173C20A35E0500977923 /* ViewController.swift in Sources */ = {isa = PBXBuildFile; fileRef = A58C173B20A35E0500977923 /* ViewController.swift */; };
		A58C173F20A35E0500977923 /* Main.storyboard in Resources */ = {isa = PBXBuildFile; fileRef = A58C173D20A35E0500977923 /* Main.storyboard */; };
		A58C174220A35E0500977923 /* Prototype.xcdatamodeld in Sources */ = {isa = PBXBuildFile; fileRef = A58C174020A35E0500977923 /* Prototype.xcdatamodeld */; };
		A58C174420A35E0500977923 /* Assets.xcassets in Resources */ = {isa = PBXBuildFile; fileRef = A58C174320A35E0500977923 /* Assets.xcassets */; };
		A58C174720A35E0500977923 /* LaunchScreen.storyboard in Resources */ = {isa = PBXBuildFile; fileRef = A58C174520A35E0500977923 /* LaunchScreen.storyboard */; };
		A58C174F20A363E900977923 /* icons8-teddy-bear-filled-100.png in Resources */ = {isa = PBXBuildFile; fileRef = A58C174E20A363E900977923 /* icons8-teddy-bear-filled-100.png */; };
		A58C175120A37E3000977923 /* CollectionViewCell.swift in Sources */ = {isa = PBXBuildFile; fileRef = A58C175020A37E3000977923 /* CollectionViewCell.swift */; };
		A58FEB1C20ADEF4B00F10C54 /* icons8-down-arrow-50.png in Resources */ = {isa = PBXBuildFile; fileRef = A58FEB1A20ADEF4A00F10C54 /* icons8-down-arrow-50.png */; };
		A58FEB1D20ADEF4B00F10C54 /* icons8-up-50.png in Resources */ = {isa = PBXBuildFile; fileRef = A58FEB1B20ADEF4A00F10C54 /* icons8-up-50.png */; };
		A58FEB1F20ADF68200F10C54 /* icons8-teddy-bear-filled-50.png in Resources */ = {isa = PBXBuildFile; fileRef = A58FEB1E20ADF68200F10C54 /* icons8-teddy-bear-filled-50.png */; };
		A58FEB2120ADF6BA00F10C54 /* teddy.png in Resources */ = {isa = PBXBuildFile; fileRef = A58FEB2020ADF6B900F10C54 /* teddy.png */; };
		A58FEB2320ADF6C300F10C54 /* teddy.png in Resources */ = {isa = PBXBuildFile; fileRef = A58FEB2220ADF6C300F10C54 /* teddy.png */; };
		A5AC1A5F2149813F00215606 /* ToyItemViewController.swift in Sources */ = {isa = PBXBuildFile; fileRef = A5AC1A5E2149813F00215606 /* ToyItemViewController.swift */; };
		A5AC1A61214ACC5900215606 /* SelectToyViewController.swift in Sources */ = {isa = PBXBuildFile; fileRef = A5AC1A60214ACC5900215606 /* SelectToyViewController.swift */; };
		A5AC1A63214D7F9C00215606 /* ChallengeViewController.swift in Sources */ = {isa = PBXBuildFile; fileRef = A5AC1A62214D7F9C00215606 /* ChallengeViewController.swift */; };
		A5BCC89A20ABE5F200715380 /* HomeViewController.swift in Sources */ = {isa = PBXBuildFile; fileRef = A5BCC89920ABE5F200715380 /* HomeViewController.swift */; };
/* End PBXBuildFile section */

/* Begin PBXFileReference section */
		1DEC230050438DA0F92F3CB6 /* Pods_Prototype.framework */ = {isa = PBXFileReference; explicitFileType = wrapper.framework; includeInIndex = 0; path = Pods_Prototype.framework; sourceTree = BUILT_PRODUCTS_DIR; };
		8DE3BC3DCB8C87614D8A6544 /* Pods-Prototype.release.xcconfig */ = {isa = PBXFileReference; includeInIndex = 1; lastKnownFileType = text.xcconfig; name = "Pods-Prototype.release.xcconfig"; path = "Pods/Target Support Files/Pods-Prototype/Pods-Prototype.release.xcconfig"; sourceTree = "<group>"; };
		A503F785211BDF9500F5FA18 /* GoogleService-Info.plist */ = {isa = PBXFileReference; fileEncoding = 4; lastKnownFileType = text.plist.xml; path = "GoogleService-Info.plist"; sourceTree = "<group>"; };
		A503F787211BE35200F5FA18 /* Prototype.entitlements */ = {isa = PBXFileReference; lastKnownFileType = text.plist.entitlements; path = Prototype.entitlements; sourceTree = "<group>"; };
		A503F789212DBFA600F5FA18 /* StartViewController.swift */ = {isa = PBXFileReference; lastKnownFileType = sourcecode.swift; path = StartViewController.swift; sourceTree = "<group>"; };
		A503F78B212F00F100F5FA18 /* OtpViewController.swift */ = {isa = PBXFileReference; lastKnownFileType = sourcecode.swift; name = OtpViewController.swift; path = /Users/muhbandtekamshuru/Desktop/pugit/iOS/Prototype/Prototype/OtpViewController.swift; sourceTree = "<absolute>"; };
		A5113D2620E31A9D008E804A /* CollectionViewCellUnitIndicator.swift */ = {isa = PBXFileReference; lastKnownFileType = sourcecode.swift; path = CollectionViewCellUnitIndicator.swift; sourceTree = "<group>"; };
		A5113D2820E31B2F008E804A /* AdditionViewController.swift */ = {isa = PBXFileReference; lastKnownFileType = sourcecode.swift; path = AdditionViewController.swift; sourceTree = "<group>"; };
		A5113D2A20E42149008E804A /* DesignableTextField.swift */ = {isa = PBXFileReference; lastKnownFileType = sourcecode.swift; path = DesignableTextField.swift; sourceTree = "<group>"; };
		A5113D2C20E492B3008E804A /* SubtractionViewController.swift */ = {isa = PBXFileReference; lastKnownFileType = sourcecode.swift; path = SubtractionViewController.swift; sourceTree = "<group>"; };
		A51FFDEF211A401A0077AA43 /* LoginViewController.swift */ = {isa = PBXFileReference; lastKnownFileType = sourcecode.swift; path = LoginViewController.swift; sourceTree = "<group>"; };
		A55179042152CE78003292DA /* AddSubViewController.swift */ = {isa = PBXFileReference; lastKnownFileType = sourcecode.swift; path = AddSubViewController.swift; sourceTree = "<group>"; };
		A55179062152D231003292DA /* ProgressViewController.swift */ = {isa = PBXFileReference; lastKnownFileType = sourcecode.swift; path = ProgressViewController.swift; sourceTree = "<group>"; };
		A55911522146EA9600C92A7B /* DifficultyLevelViewController.swift */ = {isa = PBXFileReference; lastKnownFileType = sourcecode.swift; path = DifficultyLevelViewController.swift; sourceTree = "<group>"; };
		A56D6A6021534789002524E2 /* Utility.swift */ = {isa = PBXFileReference; lastKnownFileType = sourcecode.swift; path = Utility.swift; sourceTree = "<group>"; };
		A579913720ACE76700B79DEE /* icons8-subtract-50.png */ = {isa = PBXFileReference; lastKnownFileType = image.png; path = "icons8-subtract-50.png"; sourceTree = "<group>"; };
		A579913820ACE76700B79DEE /* icons8-plus-math-50.png */ = {isa = PBXFileReference; lastKnownFileType = image.png; path = "icons8-plus-math-50.png"; sourceTree = "<group>"; };
		A580B0DF20CF6DE5002F9EEF /* ChooseToyViewController.swift */ = {isa = PBXFileReference; lastKnownFileType = sourcecode.swift; path = ChooseToyViewController.swift; sourceTree = "<group>"; };
		A580B0E120D0FB74002F9EEF /* CountingRewardViewController.swift */ = {isa = PBXFileReference; lastKnownFileType = sourcecode.swift; path = CountingRewardViewController.swift; sourceTree = "<group>"; };
		A580B0E420D0FD40002F9EEF /* DesignableView.swift */ = {isa = PBXFileReference; lastKnownFileType = sourcecode.swift; path = DesignableView.swift; sourceTree = "<group>"; };
		A580B0E620D10E4C002F9EEF /* DesignableButton.swift */ = {isa = PBXFileReference; lastKnownFileType = sourcecode.swift; path = DesignableButton.swift; sourceTree = "<group>"; };
		A580B0E820D20A76002F9EEF /* CountingTwoViewController.swift */ = {isa = PBXFileReference; lastKnownFileType = sourcecode.swift; path = CountingTwoViewController.swift; sourceTree = "<group>"; };
		A580B0EA20D20FD5002F9EEF /* CollectionViewCellTwo.swift */ = {isa = PBXFileReference; lastKnownFileType = sourcecode.swift; path = CollectionViewCellTwo.swift; sourceTree = "<group>"; };
		A58C173620A35E0500977923 /* Prototype.app */ = {isa = PBXFileReference; explicitFileType = wrapper.application; includeInIndex = 0; path = Prototype.app; sourceTree = BUILT_PRODUCTS_DIR; };
		A58C173920A35E0500977923 /* AppDelegate.swift */ = {isa = PBXFileReference; lastKnownFileType = sourcecode.swift; path = AppDelegate.swift; sourceTree = "<group>"; };
		A58C173B20A35E0500977923 /* ViewController.swift */ = {isa = PBXFileReference; lastKnownFileType = sourcecode.swift; path = ViewController.swift; sourceTree = "<group>"; };
		A58C173E20A35E0500977923 /* Base */ = {isa = PBXFileReference; lastKnownFileType = file.storyboard; name = Base; path = Base.lproj/Main.storyboard; sourceTree = "<group>"; };
		A58C174120A35E0500977923 /* Prototype.xcdatamodel */ = {isa = PBXFileReference; lastKnownFileType = wrapper.xcdatamodel; path = Prototype.xcdatamodel; sourceTree = "<group>"; };
		A58C174320A35E0500977923 /* Assets.xcassets */ = {isa = PBXFileReference; lastKnownFileType = folder.assetcatalog; path = Assets.xcassets; sourceTree = "<group>"; };
		A58C174620A35E0500977923 /* Base */ = {isa = PBXFileReference; lastKnownFileType = file.storyboard; name = Base; path = Base.lproj/LaunchScreen.storyboard; sourceTree = "<group>"; };
		A58C174820A35E0500977923 /* Info.plist */ = {isa = PBXFileReference; lastKnownFileType = text.plist.xml; path = Info.plist; sourceTree = "<group>"; };
		A58C174E20A363E900977923 /* icons8-teddy-bear-filled-100.png */ = {isa = PBXFileReference; lastKnownFileType = image.png; path = "icons8-teddy-bear-filled-100.png"; sourceTree = "<group>"; };
		A58C175020A37E3000977923 /* CollectionViewCell.swift */ = {isa = PBXFileReference; lastKnownFileType = sourcecode.swift; path = CollectionViewCell.swift; sourceTree = "<group>"; };
		A58FEB1A20ADEF4A00F10C54 /* icons8-down-arrow-50.png */ = {isa = PBXFileReference; lastKnownFileType = image.png; path = "icons8-down-arrow-50.png"; sourceTree = "<group>"; };
		A58FEB1B20ADEF4A00F10C54 /* icons8-up-50.png */ = {isa = PBXFileReference; lastKnownFileType = image.png; path = "icons8-up-50.png"; sourceTree = "<group>"; };
		A58FEB1E20ADF68200F10C54 /* icons8-teddy-bear-filled-50.png */ = {isa = PBXFileReference; lastKnownFileType = image.png; path = "icons8-teddy-bear-filled-50.png"; sourceTree = "<group>"; };
		A58FEB2020ADF6B900F10C54 /* teddy.png */ = {isa = PBXFileReference; lastKnownFileType = image.png; path = teddy.png; sourceTree = "<group>"; };
		A58FEB2220ADF6C300F10C54 /* teddy.png */ = {isa = PBXFileReference; lastKnownFileType = image.png; name = teddy.png; path = ../../../../../Downloads/teddy.png; sourceTree = "<group>"; };
		A5AC1A5E2149813F00215606 /* ToyItemViewController.swift */ = {isa = PBXFileReference; lastKnownFileType = sourcecode.swift; path = ToyItemViewController.swift; sourceTree = "<group>"; };
		A5AC1A60214ACC5900215606 /* SelectToyViewController.swift */ = {isa = PBXFileReference; lastKnownFileType = sourcecode.swift; path = SelectToyViewController.swift; sourceTree = "<group>"; };
		A5AC1A62214D7F9C00215606 /* ChallengeViewController.swift */ = {isa = PBXFileReference; lastKnownFileType = sourcecode.swift; path = ChallengeViewController.swift; sourceTree = "<group>"; };
		A5BCC89920ABE5F200715380 /* HomeViewController.swift */ = {isa = PBXFileReference; lastKnownFileType = sourcecode.swift; path = HomeViewController.swift; sourceTree = "<group>"; };
		C0C16C158ED1C9A650EE5E6F /* Pods-Prototype.debug.xcconfig */ = {isa = PBXFileReference; includeInIndex = 1; lastKnownFileType = text.xcconfig; name = "Pods-Prototype.debug.xcconfig"; path = "Pods/Target Support Files/Pods-Prototype/Pods-Prototype.debug.xcconfig"; sourceTree = "<group>"; };
/* End PBXFileReference section */

/* Begin PBXFrameworksBuildPhase section */
		A58C173320A35E0500977923 /* Frameworks */ = {
			isa = PBXFrameworksBuildPhase;
			buildActionMask = 2147483647;
			files = (
				97D92167A4E376DEFF82C7F9 /* Pods_Prototype.framework in Frameworks */,
			);
			runOnlyForDeploymentPostprocessing = 0;
		};
/* End PBXFrameworksBuildPhase section */

/* Begin PBXGroup section */
		63E4478B1FCA1E87828F4DA8 /* Pods */ = {
			isa = PBXGroup;
			children = (
				C0C16C158ED1C9A650EE5E6F /* Pods-Prototype.debug.xcconfig */,
				8DE3BC3DCB8C87614D8A6544 /* Pods-Prototype.release.xcconfig */,
			);
			name = Pods;
			sourceTree = "<group>";
		};
		A580B0E320D0FD12002F9EEF /* Designables */ = {
			isa = PBXGroup;
			children = (
				A58C175020A37E3000977923 /* CollectionViewCell.swift */,
				A580B0E420D0FD40002F9EEF /* DesignableView.swift */,
				A580B0E620D10E4C002F9EEF /* DesignableButton.swift */,
				A580B0EA20D20FD5002F9EEF /* CollectionViewCellTwo.swift */,
				A5113D2620E31A9D008E804A /* CollectionViewCellUnitIndicator.swift */,
				A5113D2A20E42149008E804A /* DesignableTextField.swift */,
			);
			path = Designables;
			sourceTree = "<group>";
		};
		A58C172D20A35E0500977923 = {
			isa = PBXGroup;
			children = (
				A58C173820A35E0500977923 /* Prototype */,
				A58C173720A35E0500977923 /* Products */,
				63E4478B1FCA1E87828F4DA8 /* Pods */,
				FBC1D95FC3771BFDFD10050C /* Frameworks */,
			);
			sourceTree = "<group>";
		};
		A58C173720A35E0500977923 /* Products */ = {
			isa = PBXGroup;
			children = (
				A58C173620A35E0500977923 /* Prototype.app */,
			);
			name = Products;
			sourceTree = "<group>";
		};
		A58C173820A35E0500977923 /* Prototype */ = {
			isa = PBXGroup;
			children = (
				A503F787211BE35200F5FA18 /* Prototype.entitlements */,
				A503F785211BDF9500F5FA18 /* GoogleService-Info.plist */,
				A51FFDEF211A401A0077AA43 /* LoginViewController.swift */,
				A503F78B212F00F100F5FA18 /* OtpViewController.swift */,
				A503F789212DBFA600F5FA18 /* StartViewController.swift */,
				A580B0E320D0FD12002F9EEF /* Designables */,
				A58C173920A35E0500977923 /* AppDelegate.swift */,
				A58C173B20A35E0500977923 /* ViewController.swift */,
				A580B0E820D20A76002F9EEF /* CountingTwoViewController.swift */,
				A5BCC89920ABE5F200715380 /* HomeViewController.swift */,
				A580B0DF20CF6DE5002F9EEF /* ChooseToyViewController.swift */,
				A580B0E120D0FB74002F9EEF /* CountingRewardViewController.swift */,
				A55911522146EA9600C92A7B /* DifficultyLevelViewController.swift */,
				A5113D2820E31B2F008E804A /* AdditionViewController.swift */,
				A5113D2C20E492B3008E804A /* SubtractionViewController.swift */,
				A58FEB1A20ADEF4A00F10C54 /* icons8-down-arrow-50.png */,
				A58FEB1B20ADEF4A00F10C54 /* icons8-up-50.png */,
				A58FEB2220ADF6C300F10C54 /* teddy.png */,
				A58C174E20A363E900977923 /* icons8-teddy-bear-filled-100.png */,
				A58FEB2020ADF6B900F10C54 /* teddy.png */,
				A58FEB1E20ADF68200F10C54 /* icons8-teddy-bear-filled-50.png */,
				A579913820ACE76700B79DEE /* icons8-plus-math-50.png */,
				A579913720ACE76700B79DEE /* icons8-subtract-50.png */,
				A58C173D20A35E0500977923 /* Main.storyboard */,
				A58C174320A35E0500977923 /* Assets.xcassets */,
				A58C174520A35E0500977923 /* LaunchScreen.storyboard */,
				A58C174820A35E0500977923 /* Info.plist */,
				A58C174020A35E0500977923 /* Prototype.xcdatamodeld */,
				A5AC1A5E2149813F00215606 /* ToyItemViewController.swift */,
				A5AC1A60214ACC5900215606 /* SelectToyViewController.swift */,
				A5AC1A62214D7F9C00215606 /* ChallengeViewController.swift */,
				A55179042152CE78003292DA /* AddSubViewController.swift */,
				A55179062152D231003292DA /* ProgressViewController.swift */,
				A56D6A6021534789002524E2 /* Utility.swift */,
			);
			path = Prototype;
			sourceTree = "<group>";
		};
		FBC1D95FC3771BFDFD10050C /* Frameworks */ = {
			isa = PBXGroup;
			children = (
				1DEC230050438DA0F92F3CB6 /* Pods_Prototype.framework */,
			);
			name = Frameworks;
			sourceTree = "<group>";
		};
/* End PBXGroup section */

/* Begin PBXNativeTarget section */
		A58C173520A35E0500977923 /* Prototype */ = {
			isa = PBXNativeTarget;
			buildConfigurationList = A58C174B20A35E0500977923 /* Build configuration list for PBXNativeTarget "Prototype" */;
			buildPhases = (
				B6498E6994C711B7147F1EAD /* [CP] Check Pods Manifest.lock */,
				A58C173220A35E0500977923 /* Sources */,
				A58C173320A35E0500977923 /* Frameworks */,
				A58C173420A35E0500977923 /* Resources */,
				08BDE69FF7FD672A18FB429F /* [CP] Embed Pods Frameworks */,
			);
			buildRules = (
			);
			dependencies = (
			);
			name = Prototype;
			productName = Prototype;
			productReference = A58C173620A35E0500977923 /* Prototype.app */;
			productType = "com.apple.product-type.application";
		};
/* End PBXNativeTarget section */

/* Begin PBXProject section */
		A58C172E20A35E0500977923 /* Project object */ = {
			isa = PBXProject;
			attributes = {
				LastSwiftUpdateCheck = 0920;
				LastUpgradeCheck = 0920;
				ORGANIZATIONNAME = "Mandeep Sarangal";
				TargetAttributes = {
					A58C173520A35E0500977923 = {
						CreatedOnToolsVersion = 9.2;
						ProvisioningStyle = Automatic;
						SystemCapabilities = {
							com.apple.BackgroundModes = {
								enabled = 1;
							};
							com.apple.Push = {
								enabled = 1;
							};
						};
					};
				};
			};
			buildConfigurationList = A58C173120A35E0500977923 /* Build configuration list for PBXProject "Prototype" */;
			compatibilityVersion = "Xcode 8.0";
			developmentRegion = en;
			hasScannedForEncodings = 0;
			knownRegions = (
				en,
				Base,
			);
			mainGroup = A58C172D20A35E0500977923;
			productRefGroup = A58C173720A35E0500977923 /* Products */;
			projectDirPath = "";
			projectRoot = "";
			targets = (
				A58C173520A35E0500977923 /* Prototype */,
			);
		};
/* End PBXProject section */

/* Begin PBXResourcesBuildPhase section */
		A58C173420A35E0500977923 /* Resources */ = {
			isa = PBXResourcesBuildPhase;
			buildActionMask = 2147483647;
			files = (
				A579913A20ACE76800B79DEE /* icons8-plus-math-50.png in Resources */,
				A58C174F20A363E900977923 /* icons8-teddy-bear-filled-100.png in Resources */,
				A58FEB1F20ADF68200F10C54 /* icons8-teddy-bear-filled-50.png in Resources */,
				A58FEB2320ADF6C300F10C54 /* teddy.png in Resources */,
				A58C174720A35E0500977923 /* LaunchScreen.storyboard in Resources */,
				A503F786211BDF9500F5FA18 /* GoogleService-Info.plist in Resources */,
				A58FEB2120ADF6BA00F10C54 /* teddy.png in Resources */,
				A58FEB1D20ADEF4B00F10C54 /* icons8-up-50.png in Resources */,
				A579913920ACE76800B79DEE /* icons8-subtract-50.png in Resources */,
				A58C174420A35E0500977923 /* Assets.xcassets in Resources */,
				A58C173F20A35E0500977923 /* Main.storyboard in Resources */,
				A58FEB1C20ADEF4B00F10C54 /* icons8-down-arrow-50.png in Resources */,
			);
			runOnlyForDeploymentPostprocessing = 0;
		};
/* End PBXResourcesBuildPhase section */

/* Begin PBXShellScriptBuildPhase section */
		08BDE69FF7FD672A18FB429F /* [CP] Embed Pods Frameworks */ = {
			isa = PBXShellScriptBuildPhase;
			buildActionMask = 2147483647;
			files = (
			);
			inputPaths = (
				"${SRCROOT}/Pods/Target Support Files/Pods-Prototype/Pods-Prototype-frameworks.sh",
				"${BUILT_PRODUCTS_DIR}/GTMSessionFetcher/GTMSessionFetcher.framework",
				"${BUILT_PRODUCTS_DIR}/GoogleToolboxForMac/GoogleToolboxForMac.framework",
				"${BUILT_PRODUCTS_DIR}/leveldb-library/leveldb.framework",
				"${BUILT_PRODUCTS_DIR}/nanopb/nanopb.framework",
			);
			name = "[CP] Embed Pods Frameworks";
			outputPaths = (
				"${TARGET_BUILD_DIR}/${FRAMEWORKS_FOLDER_PATH}/GTMSessionFetcher.framework",
				"${TARGET_BUILD_DIR}/${FRAMEWORKS_FOLDER_PATH}/GoogleToolboxForMac.framework",
				"${TARGET_BUILD_DIR}/${FRAMEWORKS_FOLDER_PATH}/leveldb.framework",
				"${TARGET_BUILD_DIR}/${FRAMEWORKS_FOLDER_PATH}/nanopb.framework",
			);
			runOnlyForDeploymentPostprocessing = 0;
			shellPath = /bin/sh;
			shellScript = "\"${SRCROOT}/Pods/Target Support Files/Pods-Prototype/Pods-Prototype-frameworks.sh\"\n";
			showEnvVarsInLog = 0;
		};
		B6498E6994C711B7147F1EAD /* [CP] Check Pods Manifest.lock */ = {
			isa = PBXShellScriptBuildPhase;
			buildActionMask = 2147483647;
			files = (
			);
			inputPaths = (
				"${PODS_PODFILE_DIR_PATH}/Podfile.lock",
				"${PODS_ROOT}/Manifest.lock",
			);
			name = "[CP] Check Pods Manifest.lock";
			outputPaths = (
				"$(DERIVED_FILE_DIR)/Pods-Prototype-checkManifestLockResult.txt",
			);
			runOnlyForDeploymentPostprocessing = 0;
			shellPath = /bin/sh;
			shellScript = "diff \"${PODS_PODFILE_DIR_PATH}/Podfile.lock\" \"${PODS_ROOT}/Manifest.lock\" > /dev/null\nif [ $? != 0 ] ; then\n    # print error to STDERR\n    echo \"error: The sandbox is not in sync with the Podfile.lock. Run 'pod install' or update your CocoaPods installation.\" >&2\n    exit 1\nfi\n# This output is used by Xcode 'outputs' to avoid re-running this script phase.\necho \"SUCCESS\" > \"${SCRIPT_OUTPUT_FILE_0}\"\n";
			showEnvVarsInLog = 0;
		};
/* End PBXShellScriptBuildPhase section */

/* Begin PBXSourcesBuildPhase section */
		A58C173220A35E0500977923 /* Sources */ = {
			isa = PBXSourcesBuildPhase;
			buildActionMask = 2147483647;
			files = (
				A580B0E220D0FB74002F9EEF /* CountingRewardViewController.swift in Sources */,
				A51FFDF0211A401A0077AA43 /* LoginViewController.swift in Sources */,
				A5AC1A5F2149813F00215606 /* ToyItemViewController.swift in Sources */,
				A55179072152D231003292DA /* ProgressViewController.swift in Sources */,
				A5113D2B20E42149008E804A /* DesignableTextField.swift in Sources */,
				A5BCC89A20ABE5F200715380 /* HomeViewController.swift in Sources */,
				A503F78A212DBFA600F5FA18 /* StartViewController.swift in Sources */,
				A580B0E720D10E4C002F9EEF /* DesignableButton.swift in Sources */,
				A5113D2720E31A9D008E804A /* CollectionViewCellUnitIndicator.swift in Sources */,
				A5AC1A61214ACC5900215606 /* SelectToyViewController.swift in Sources */,
				A56D6A6121534789002524E2 /* Utility.swift in Sources */,
				A58C174220A35E0500977923 /* Prototype.xcdatamodeld in Sources */,
				A503F78C212F00F100F5FA18 /* OtpViewController.swift in Sources */,
				A5113D2D20E492B3008E804A /* SubtractionViewController.swift in Sources */,
				A5113D2920E31B2F008E804A /* AdditionViewController.swift in Sources */,
				A5AC1A63214D7F9C00215606 /* ChallengeViewController.swift in Sources */,
				A58C173C20A35E0500977923 /* ViewController.swift in Sources */,
				A58C175120A37E3000977923 /* CollectionViewCell.swift in Sources */,
				A58C173A20A35E0500977923 /* AppDelegate.swift in Sources */,
				A55179052152CE78003292DA /* AddSubViewController.swift in Sources */,
				A580B0E920D20A76002F9EEF /* CountingTwoViewController.swift in Sources */,
				A55911532146EA9600C92A7B /* DifficultyLevelViewController.swift in Sources */,
				A580B0E020CF6DE5002F9EEF /* ChooseToyViewController.swift in Sources */,
				A580B0E520D0FD40002F9EEF /* DesignableView.swift in Sources */,
				A580B0EB20D20FD5002F9EEF /* CollectionViewCellTwo.swift in Sources */,
			);
			runOnlyForDeploymentPostprocessing = 0;
		};
/* End PBXSourcesBuildPhase section */

/* Begin PBXVariantGroup section */
		A58C173D20A35E0500977923 /* Main.storyboard */ = {
			isa = PBXVariantGroup;
			children = (
				A58C173E20A35E0500977923 /* Base */,
			);
			name = Main.storyboard;
			sourceTree = "<group>";
		};
		A58C174520A35E0500977923 /* LaunchScreen.storyboard */ = {
			isa = PBXVariantGroup;
			children = (
				A58C174620A35E0500977923 /* Base */,
			);
			name = LaunchScreen.storyboard;
			sourceTree = "<group>";
		};
/* End PBXVariantGroup section */

/* Begin XCBuildConfiguration section */
		A58C174920A35E0500977923 /* Debug */ = {
			isa = XCBuildConfiguration;
			buildSettings = {
				ALWAYS_SEARCH_USER_PATHS = NO;
				CLANG_ANALYZER_NONNULL = YES;
				CLANG_ANALYZER_NUMBER_OBJECT_CONVERSION = YES_AGGRESSIVE;
				CLANG_CXX_LANGUAGE_STANDARD = "gnu++14";
				CLANG_CXX_LIBRARY = "libc++";
				CLANG_ENABLE_MODULES = YES;
				CLANG_ENABLE_OBJC_ARC = YES;
				CLANG_WARN_BLOCK_CAPTURE_AUTORELEASING = YES;
				CLANG_WARN_BOOL_CONVERSION = YES;
				CLANG_WARN_COMMA = YES;
				CLANG_WARN_CONSTANT_CONVERSION = YES;
				CLANG_WARN_DIRECT_OBJC_ISA_USAGE = YES_ERROR;
				CLANG_WARN_DOCUMENTATION_COMMENTS = YES;
				CLANG_WARN_EMPTY_BODY = YES;
				CLANG_WARN_ENUM_CONVERSION = YES;
				CLANG_WARN_INFINITE_RECURSION = YES;
				CLANG_WARN_INT_CONVERSION = YES;
				CLANG_WARN_NON_LITERAL_NULL_CONVERSION = YES;
				CLANG_WARN_OBJC_LITERAL_CONVERSION = YES;
				CLANG_WARN_OBJC_ROOT_CLASS = YES_ERROR;
				CLANG_WARN_RANGE_LOOP_ANALYSIS = YES;
				CLANG_WARN_STRICT_PROTOTYPES = YES;
				CLANG_WARN_SUSPICIOUS_MOVE = YES;
				CLANG_WARN_UNGUARDED_AVAILABILITY = YES_AGGRESSIVE;
				CLANG_WARN_UNREACHABLE_CODE = YES;
				CLANG_WARN__DUPLICATE_METHOD_MATCH = YES;
				CODE_SIGN_IDENTITY = "iPhone Developer";
				COPY_PHASE_STRIP = NO;
				DEBUG_INFORMATION_FORMAT = dwarf;
				ENABLE_STRICT_OBJC_MSGSEND = YES;
				ENABLE_TESTABILITY = YES;
				GCC_C_LANGUAGE_STANDARD = gnu11;
				GCC_DYNAMIC_NO_PIC = NO;
				GCC_NO_COMMON_BLOCKS = YES;
				GCC_OPTIMIZATION_LEVEL = 0;
				GCC_PREPROCESSOR_DEFINITIONS = (
					"DEBUG=1",
					"$(inherited)",
				);
				GCC_WARN_64_TO_32_BIT_CONVERSION = YES;
				GCC_WARN_ABOUT_RETURN_TYPE = YES_ERROR;
				GCC_WARN_UNDECLARED_SELECTOR = YES;
				GCC_WARN_UNINITIALIZED_AUTOS = YES_AGGRESSIVE;
				GCC_WARN_UNUSED_FUNCTION = YES;
				GCC_WARN_UNUSED_VARIABLE = YES;
				IPHONEOS_DEPLOYMENT_TARGET = 11.2;
				MTL_ENABLE_DEBUG_INFO = YES;
				ONLY_ACTIVE_ARCH = YES;
				SDKROOT = iphoneos;
				SWIFT_ACTIVE_COMPILATION_CONDITIONS = DEBUG;
				SWIFT_OPTIMIZATION_LEVEL = "-Onone";
			};
			name = Debug;
		};
		A58C174A20A35E0500977923 /* Release */ = {
			isa = XCBuildConfiguration;
			buildSettings = {
				ALWAYS_SEARCH_USER_PATHS = NO;
				CLANG_ANALYZER_NONNULL = YES;
				CLANG_ANALYZER_NUMBER_OBJECT_CONVERSION = YES_AGGRESSIVE;
				CLANG_CXX_LANGUAGE_STANDARD = "gnu++14";
				CLANG_CXX_LIBRARY = "libc++";
				CLANG_ENABLE_MODULES = YES;
				CLANG_ENABLE_OBJC_ARC = YES;
				CLANG_WARN_BLOCK_CAPTURE_AUTORELEASING = YES;
				CLANG_WARN_BOOL_CONVERSION = YES;
				CLANG_WARN_COMMA = YES;
				CLANG_WARN_CONSTANT_CONVERSION = YES;
				CLANG_WARN_DIRECT_OBJC_ISA_USAGE = YES_ERROR;
				CLANG_WARN_DOCUMENTATION_COMMENTS = YES;
				CLANG_WARN_EMPTY_BODY = YES;
				CLANG_WARN_ENUM_CONVERSION = YES;
				CLANG_WARN_INFINITE_RECURSION = YES;
				CLANG_WARN_INT_CONVERSION = YES;
				CLANG_WARN_NON_LITERAL_NULL_CONVERSION = YES;
				CLANG_WARN_OBJC_LITERAL_CONVERSION = YES;
				CLANG_WARN_OBJC_ROOT_CLASS = YES_ERROR;
				CLANG_WARN_RANGE_LOOP_ANALYSIS = YES;
				CLANG_WARN_STRICT_PROTOTYPES = YES;
				CLANG_WARN_SUSPICIOUS_MOVE = YES;
				CLANG_WARN_UNGUARDED_AVAILABILITY = YES_AGGRESSIVE;
				CLANG_WARN_UNREACHABLE_CODE = YES;
				CLANG_WARN__DUPLICATE_METHOD_MATCH = YES;
				CODE_SIGN_IDENTITY = "iPhone Developer";
				COPY_PHASE_STRIP = NO;
				DEBUG_INFORMATION_FORMAT = "dwarf-with-dsym";
				ENABLE_NS_ASSERTIONS = NO;
				ENABLE_STRICT_OBJC_MSGSEND = YES;
				GCC_C_LANGUAGE_STANDARD = gnu11;
				GCC_NO_COMMON_BLOCKS = YES;
				GCC_WARN_64_TO_32_BIT_CONVERSION = YES;
				GCC_WARN_ABOUT_RETURN_TYPE = YES_ERROR;
				GCC_WARN_UNDECLARED_SELECTOR = YES;
				GCC_WARN_UNINITIALIZED_AUTOS = YES_AGGRESSIVE;
				GCC_WARN_UNUSED_FUNCTION = YES;
				GCC_WARN_UNUSED_VARIABLE = YES;
				IPHONEOS_DEPLOYMENT_TARGET = 11.2;
				MTL_ENABLE_DEBUG_INFO = NO;
				SDKROOT = iphoneos;
				SWIFT_OPTIMIZATION_LEVEL = "-Owholemodule";
				VALIDATE_PRODUCT = YES;
			};
			name = Release;
		};
		A58C174C20A35E0500977923 /* Debug */ = {
			isa = XCBuildConfiguration;
			baseConfigurationReference = C0C16C158ED1C9A650EE5E6F /* Pods-Prototype.debug.xcconfig */;
			buildSettings = {
				ASSETCATALOG_COMPILER_APPICON_NAME = AppIcon;
				CODE_SIGN_ENTITLEMENTS = Prototype/Prototype.entitlements;
				"CODE_SIGN_IDENTITY[sdk=iphoneos*]" = "iPhone Developer";
				CODE_SIGN_STYLE = Automatic;
				DEVELOPMENT_TEAM = P4MDU98344;
				INFOPLIST_FILE = Prototype/Info.plist;
				LD_RUNPATH_SEARCH_PATHS = "$(inherited) @executable_path/Frameworks";
				PRODUCT_BUNDLE_IDENTIFIER = Mandeep.Prototype;
				PRODUCT_NAME = "$(TARGET_NAME)";
				PROVISIONING_PROFILE_SPECIFIER = "";
				SWIFT_VERSION = 4.0;
				TARGETED_DEVICE_FAMILY = "1,2";
			};
			name = Debug;
		};
		A58C174D20A35E0500977923 /* Release */ = {
			isa = XCBuildConfiguration;
			baseConfigurationReference = 8DE3BC3DCB8C87614D8A6544 /* Pods-Prototype.release.xcconfig */;
			buildSettings = {
				ASSETCATALOG_COMPILER_APPICON_NAME = AppIcon;
				CODE_SIGN_ENTITLEMENTS = Prototype/Prototype.entitlements;
				"CODE_SIGN_IDENTITY[sdk=iphoneos*]" = "iPhone Developer";
				CODE_SIGN_STYLE = Automatic;
				DEVELOPMENT_TEAM = P4MDU98344;
				INFOPLIST_FILE = Prototype/Info.plist;
				LD_RUNPATH_SEARCH_PATHS = "$(inherited) @executable_path/Frameworks";
				PRODUCT_BUNDLE_IDENTIFIER = Mandeep.Prototype;
				PRODUCT_NAME = "$(TARGET_NAME)";
				PROVISIONING_PROFILE_SPECIFIER = "";
				SWIFT_VERSION = 4.0;
				TARGETED_DEVICE_FAMILY = "1,2";
			};
			name = Release;
		};
/* End XCBuildConfiguration section */

/* Begin XCConfigurationList section */
		A58C173120A35E0500977923 /* Build configuration list for PBXProject "Prototype" */ = {
			isa = XCConfigurationList;
			buildConfigurations = (
				A58C174920A35E0500977923 /* Debug */,
				A58C174A20A35E0500977923 /* Release */,
			);
			defaultConfigurationIsVisible = 0;
			defaultConfigurationName = Release;
		};
		A58C174B20A35E0500977923 /* Build configuration list for PBXNativeTarget "Prototype" */ = {
			isa = XCConfigurationList;
			buildConfigurations = (
				A58C174C20A35E0500977923 /* Debug */,
				A58C174D20A35E0500977923 /* Release */,
			);
			defaultConfigurationIsVisible = 0;
			defaultConfigurationName = Release;
		};
/* End XCConfigurationList section */

/* Begin XCVersionGroup section */
		A58C174020A35E0500977923 /* Prototype.xcdatamodeld */ = {
			isa = XCVersionGroup;
			children = (
				A58C174120A35E0500977923 /* Prototype.xcdatamodel */,
			);
			currentVersion = A58C174120A35E0500977923 /* Prototype.xcdatamodel */;
			path = Prototype.xcdatamodeld;
			sourceTree = "<group>";
			versionGroupType = wrapper.xcdatamodel;
		};
/* End XCVersionGroup section */
	};
	rootObject = A58C172E20A35E0500977923 /* Project object */;
}
